// !$*UTF8*$!
{
	archiveVersion = 1;
	classes = {
	};
	objectVersion = 46;
	objects = {

/* Begin PBXBuildFile section */
		750812E81EC85DD700901868 /* GDLoginController.m in Sources */ = {isa = PBXBuildFile; fileRef = 750812E71EC85DD700901868 /* GDLoginController.m */; };
		750812EF1EC8605400901868 /* MBProgressHUD+GDProgressHUD.m in Sources */ = {isa = PBXBuildFile; fileRef = 750812EC1EC8605400901868 /* MBProgressHUD+GDProgressHUD.m */; };
		750812F01EC8605400901868 /* NSObject+GDTypeCheck.m in Sources */ = {isa = PBXBuildFile; fileRef = 750812EE1EC8605400901868 /* NSObject+GDTypeCheck.m */; };
		750812F31EC860D100901868 /* NSObject+GDOperation.m in Sources */ = {isa = PBXBuildFile; fileRef = 750812F21EC860D100901868 /* NSObject+GDOperation.m */; };
		750812F61EC8618600901868 /* UIWindow+MainWindow.m in Sources */ = {isa = PBXBuildFile; fileRef = 750812F51EC8618600901868 /* UIWindow+MainWindow.m */; };
		750812FA1EC861B100901868 /* GDActivityIndicatorView.m in Sources */ = {isa = PBXBuildFile; fileRef = 750812F91EC861B100901868 /* GDActivityIndicatorView.m */; };
		750812FD1EC8620B00901868 /* UIColor+GDTheme.m in Sources */ = {isa = PBXBuildFile; fileRef = 750812FC1EC8620B00901868 /* UIColor+GDTheme.m */; };
		750813001EC8647A00901868 /* UIFont+GDTheme.m in Sources */ = {isa = PBXBuildFile; fileRef = 750812FF1EC8647A00901868 /* UIFont+GDTheme.m */; };
		750813061EC8655F00901868 /* GDLeftTextFieldRightCustomButtonTableViewCell.m in Sources */ = {isa = PBXBuildFile; fileRef = 750813031EC8655F00901868 /* GDLeftTextFieldRightCustomButtonTableViewCell.m */; };
		750813071EC8655F00901868 /* GDLeftTitleRightTextFieldTableViewCell.m in Sources */ = {isa = PBXBuildFile; fileRef = 750813051EC8655F00901868 /* GDLeftTitleRightTextFieldTableViewCell.m */; };
		7508130B1EC8664C00901868 /* GDRegisterController.m in Sources */ = {isa = PBXBuildFile; fileRef = 7508130A1EC8664C00901868 /* GDRegisterController.m */; };
		7508130E1EC867E200901868 /* GDUserAPI.m in Sources */ = {isa = PBXBuildFile; fileRef = 7508130D1EC867E200901868 /* GDUserAPI.m */; };
		750813121EC8684300901868 /* GDHttpSessionManager.m in Sources */ = {isa = PBXBuildFile; fileRef = 750813111EC8684300901868 /* GDHttpSessionManager.m */; };
		750813171EC87C7700901868 /* GDUserManager.m in Sources */ = {isa = PBXBuildFile; fileRef = 750813161EC87C7700901868 /* GDUserManager.m */; };
		7508131B1EC87CD300901868 /* GDUser.m in Sources */ = {isa = PBXBuildFile; fileRef = 7508131A1EC87CD300901868 /* GDUser.m */; };
		750813201EC882BE00901868 /* GDFakeSearchBarView.m in Sources */ = {isa = PBXBuildFile; fileRef = 7508131F1EC882BE00901868 /* GDFakeSearchBarView.m */; };
		750813241EC88FB300901868 /* GDSearchViewController.m in Sources */ = {isa = PBXBuildFile; fileRef = 750813231EC88FB300901868 /* GDSearchViewController.m */; };
		750813271EC9990000901868 /* GDImageAndTitleCollectionViewCell.m in Sources */ = {isa = PBXBuildFile; fileRef = 750813261EC9990000901868 /* GDImageAndTitleCollectionViewCell.m */; };
		7508132A1EC99EB600901868 /* GDDramaAPI.m in Sources */ = {isa = PBXBuildFile; fileRef = 750813291EC99EB600901868 /* GDDramaAPI.m */; };
		7508132E1EC9B23300901868 /* GDDramaListController.m in Sources */ = {isa = PBXBuildFile; fileRef = 7508132D1EC9B23300901868 /* GDDramaListController.m */; };
		750813311EC9B24900901868 /* GDDramaInfoController.m in Sources */ = {isa = PBXBuildFile; fileRef = 750813301EC9B24900901868 /* GDDramaInfoController.m */; };
		750813341EC9B2B000901868 /* GDDramaRemarkController.m in Sources */ = {isa = PBXBuildFile; fileRef = 750813331EC9B2B000901868 /* GDDramaRemarkController.m */; };
		7591A6651EAF1E320078F436 /* main.m in Sources */ = {isa = PBXBuildFile; fileRef = 7591A6641EAF1E320078F436 /* main.m */; };
		7591A6681EAF1E320078F436 /* AppDelegate.m in Sources */ = {isa = PBXBuildFile; fileRef = 7591A6671EAF1E320078F436 /* AppDelegate.m */; };
		7591A6701EAF1E320078F436 /* Assets.xcassets in Resources */ = {isa = PBXBuildFile; fileRef = 7591A66F1EAF1E320078F436 /* Assets.xcassets */; };
		7591A67E1EAF1E320078F436 /* GD_dramaTests.m in Sources */ = {isa = PBXBuildFile; fileRef = 7591A67D1EAF1E320078F436 /* GD_dramaTests.m */; };
		7591A6891EAF1E320078F436 /* GD_dramaUITests.m in Sources */ = {isa = PBXBuildFile; fileRef = 7591A6881EAF1E320078F436 /* GD_dramaUITests.m */; };
		75D3F2CB1EC8560B007CA5A9 /* GDTabBarController.m in Sources */ = {isa = PBXBuildFile; fileRef = 75D3F2CA1EC8560B007CA5A9 /* GDTabBarController.m */; };
		75D3F2D01EC856A4007CA5A9 /* GDHomePageController.m in Sources */ = {isa = PBXBuildFile; fileRef = 75D3F2CF1EC856A4007CA5A9 /* GDHomePageController.m */; };
		75D3F2D31EC856C3007CA5A9 /* GDDownloadController.m in Sources */ = {isa = PBXBuildFile; fileRef = 75D3F2D21EC856C3007CA5A9 /* GDDownloadController.m */; };
		75D3F2D61EC856E5007CA5A9 /* GDMyFavoriteController.m in Sources */ = {isa = PBXBuildFile; fileRef = 75D3F2D51EC856E5007CA5A9 /* GDMyFavoriteController.m */; };
		75D3F2D91EC856F6007CA5A9 /* GDUserInfoController.m in Sources */ = {isa = PBXBuildFile; fileRef = 75D3F2D81EC856F6007CA5A9 /* GDUserInfoController.m */; };
		E7552D5F23B4517A83882D6A /* Pods_GD_drama.framework in Frameworks */ = {isa = PBXBuildFile; fileRef = FC1649D549F363F7B481BABA /* Pods_GD_drama.framework */; };
/* End PBXBuildFile section */

/* Begin PBXContainerItemProxy section */
		7591A67A1EAF1E320078F436 /* PBXContainerItemProxy */ = {
			isa = PBXContainerItemProxy;
			containerPortal = 7591A6581EAF1E320078F436 /* Project object */;
			proxyType = 1;
			remoteGlobalIDString = 7591A65F1EAF1E320078F436;
			remoteInfo = GD_drama;
		};
		7591A6851EAF1E320078F436 /* PBXContainerItemProxy */ = {
			isa = PBXContainerItemProxy;
			containerPortal = 7591A6581EAF1E320078F436 /* Project object */;
			proxyType = 1;
			remoteGlobalIDString = 7591A65F1EAF1E320078F436;
			remoteInfo = GD_drama;
		};
/* End PBXContainerItemProxy section */

/* Begin PBXFileReference section */
		750812E61EC85DD700901868 /* GDLoginController.h */ = {isa = PBXFileReference; fileEncoding = 4; lastKnownFileType = sourcecode.c.h; path = GDLoginController.h; sourceTree = "<group>"; };
		750812E71EC85DD700901868 /* GDLoginController.m */ = {isa = PBXFileReference; fileEncoding = 4; lastKnownFileType = sourcecode.c.objc; path = GDLoginController.m; sourceTree = "<group>"; };
		750812EB1EC8605400901868 /* MBProgressHUD+GDProgressHUD.h */ = {isa = PBXFileReference; fileEncoding = 4; lastKnownFileType = sourcecode.c.h; path = "MBProgressHUD+GDProgressHUD.h"; sourceTree = "<group>"; };
		750812EC1EC8605400901868 /* MBProgressHUD+GDProgressHUD.m */ = {isa = PBXFileReference; fileEncoding = 4; lastKnownFileType = sourcecode.c.objc; path = "MBProgressHUD+GDProgressHUD.m"; sourceTree = "<group>"; };
		750812ED1EC8605400901868 /* NSObject+GDTypeCheck.h */ = {isa = PBXFileReference; fileEncoding = 4; lastKnownFileType = sourcecode.c.h; path = "NSObject+GDTypeCheck.h"; sourceTree = "<group>"; };
		750812EE1EC8605400901868 /* NSObject+GDTypeCheck.m */ = {isa = PBXFileReference; fileEncoding = 4; lastKnownFileType = sourcecode.c.objc; path = "NSObject+GDTypeCheck.m"; sourceTree = "<group>"; };
		750812F11EC860D100901868 /* NSObject+GDOperation.h */ = {isa = PBXFileReference; fileEncoding = 4; lastKnownFileType = sourcecode.c.h; path = "NSObject+GDOperation.h"; sourceTree = "<group>"; };
		750812F21EC860D100901868 /* NSObject+GDOperation.m */ = {isa = PBXFileReference; fileEncoding = 4; lastKnownFileType = sourcecode.c.objc; path = "NSObject+GDOperation.m"; sourceTree = "<group>"; };
		750812F41EC8618600901868 /* UIWindow+MainWindow.h */ = {isa = PBXFileReference; fileEncoding = 4; lastKnownFileType = sourcecode.c.h; path = "UIWindow+MainWindow.h"; sourceTree = "<group>"; };
		750812F51EC8618600901868 /* UIWindow+MainWindow.m */ = {isa = PBXFileReference; fileEncoding = 4; lastKnownFileType = sourcecode.c.objc; path = "UIWindow+MainWindow.m"; sourceTree = "<group>"; };
		750812F81EC861B100901868 /* GDActivityIndicatorView.h */ = {isa = PBXFileReference; fileEncoding = 4; lastKnownFileType = sourcecode.c.h; path = GDActivityIndicatorView.h; sourceTree = "<group>"; };
		750812F91EC861B100901868 /* GDActivityIndicatorView.m */ = {isa = PBXFileReference; fileEncoding = 4; lastKnownFileType = sourcecode.c.objc; path = GDActivityIndicatorView.m; sourceTree = "<group>"; };
		750812FB1EC8620B00901868 /* UIColor+GDTheme.h */ = {isa = PBXFileReference; fileEncoding = 4; lastKnownFileType = sourcecode.c.h; path = "UIColor+GDTheme.h"; sourceTree = "<group>"; };
		750812FC1EC8620B00901868 /* UIColor+GDTheme.m */ = {isa = PBXFileReference; fileEncoding = 4; lastKnownFileType = sourcecode.c.objc; path = "UIColor+GDTheme.m"; sourceTree = "<group>"; };
		750812FE1EC8647A00901868 /* UIFont+GDTheme.h */ = {isa = PBXFileReference; fileEncoding = 4; lastKnownFileType = sourcecode.c.h; path = "UIFont+GDTheme.h"; sourceTree = "<group>"; };
		750812FF1EC8647A00901868 /* UIFont+GDTheme.m */ = {isa = PBXFileReference; fileEncoding = 4; lastKnownFileType = sourcecode.c.objc; path = "UIFont+GDTheme.m"; sourceTree = "<group>"; };
		750813021EC8655F00901868 /* GDLeftTextFieldRightCustomButtonTableViewCell.h */ = {isa = PBXFileReference; fileEncoding = 4; lastKnownFileType = sourcecode.c.h; path = GDLeftTextFieldRightCustomButtonTableViewCell.h; sourceTree = "<group>"; };
		750813031EC8655F00901868 /* GDLeftTextFieldRightCustomButtonTableViewCell.m */ = {isa = PBXFileReference; fileEncoding = 4; lastKnownFileType = sourcecode.c.objc; path = GDLeftTextFieldRightCustomButtonTableViewCell.m; sourceTree = "<group>"; };
		750813041EC8655F00901868 /* GDLeftTitleRightTextFieldTableViewCell.h */ = {isa = PBXFileReference; fileEncoding = 4; lastKnownFileType = sourcecode.c.h; path = GDLeftTitleRightTextFieldTableViewCell.h; sourceTree = "<group>"; };
		750813051EC8655F00901868 /* GDLeftTitleRightTextFieldTableViewCell.m */ = {isa = PBXFileReference; fileEncoding = 4; lastKnownFileType = sourcecode.c.objc; path = GDLeftTitleRightTextFieldTableViewCell.m; sourceTree = "<group>"; };
		750813091EC8664C00901868 /* GDRegisterController.h */ = {isa = PBXFileReference; fileEncoding = 4; lastKnownFileType = sourcecode.c.h; path = GDRegisterController.h; sourceTree = "<group>"; };
		7508130A1EC8664C00901868 /* GDRegisterController.m */ = {isa = PBXFileReference; fileEncoding = 4; lastKnownFileType = sourcecode.c.objc; path = GDRegisterController.m; sourceTree = "<group>"; };
		7508130C1EC867E200901868 /* GDUserAPI.h */ = {isa = PBXFileReference; fileEncoding = 4; lastKnownFileType = sourcecode.c.h; path = GDUserAPI.h; sourceTree = "<group>"; };
		7508130D1EC867E200901868 /* GDUserAPI.m */ = {isa = PBXFileReference; fileEncoding = 4; lastKnownFileType = sourcecode.c.objc; path = GDUserAPI.m; sourceTree = "<group>"; };
		750813101EC8684300901868 /* GDHttpSessionManager.h */ = {isa = PBXFileReference; fileEncoding = 4; lastKnownFileType = sourcecode.c.h; path = GDHttpSessionManager.h; sourceTree = "<group>"; };
		750813111EC8684300901868 /* GDHttpSessionManager.m */ = {isa = PBXFileReference; fileEncoding = 4; lastKnownFileType = sourcecode.c.objc; path = GDHttpSessionManager.m; sourceTree = "<group>"; };
		750813131EC868FB00901868 /* GDApiUrls.h */ = {isa = PBXFileReference; lastKnownFileType = sourcecode.c.h; path = GDApiUrls.h; sourceTree = "<group>"; };
		750813151EC87C7700901868 /* GDUserManager.h */ = {isa = PBXFileReference; fileEncoding = 4; lastKnownFileType = sourcecode.c.h; path = GDUserManager.h; sourceTree = "<group>"; };
		750813161EC87C7700901868 /* GDUserManager.m */ = {isa = PBXFileReference; fileEncoding = 4; lastKnownFileType = sourcecode.c.objc; path = GDUserManager.m; sourceTree = "<group>"; };
		750813191EC87CD300901868 /* GDUser.h */ = {isa = PBXFileReference; fileEncoding = 4; lastKnownFileType = sourcecode.c.h; path = GDUser.h; sourceTree = "<group>"; };
		7508131A1EC87CD300901868 /* GDUser.m */ = {isa = PBXFileReference; fileEncoding = 4; lastKnownFileType = sourcecode.c.objc; path = GDUser.m; sourceTree = "<group>"; };
		7508131E1EC882BE00901868 /* GDFakeSearchBarView.h */ = {isa = PBXFileReference; fileEncoding = 4; lastKnownFileType = sourcecode.c.h; path = GDFakeSearchBarView.h; sourceTree = "<group>"; };
		7508131F1EC882BE00901868 /* GDFakeSearchBarView.m */ = {isa = PBXFileReference; fileEncoding = 4; lastKnownFileType = sourcecode.c.objc; path = GDFakeSearchBarView.m; sourceTree = "<group>"; };
		750813221EC88FB300901868 /* GDSearchViewController.h */ = {isa = PBXFileReference; fileEncoding = 4; lastKnownFileType = sourcecode.c.h; path = GDSearchViewController.h; sourceTree = "<group>"; };
		750813231EC88FB300901868 /* GDSearchViewController.m */ = {isa = PBXFileReference; fileEncoding = 4; lastKnownFileType = sourcecode.c.objc; path = GDSearchViewController.m; sourceTree = "<group>"; };
		750813251EC9990000901868 /* GDImageAndTitleCollectionViewCell.h */ = {isa = PBXFileReference; fileEncoding = 4; lastKnownFileType = sourcecode.c.h; path = GDImageAndTitleCollectionViewCell.h; sourceTree = "<group>"; };
		750813261EC9990000901868 /* GDImageAndTitleCollectionViewCell.m */ = {isa = PBXFileReference; fileEncoding = 4; lastKnownFileType = sourcecode.c.objc; path = GDImageAndTitleCollectionViewCell.m; sourceTree = "<group>"; };
		750813281EC99EB600901868 /* GDDramaAPI.h */ = {isa = PBXFileReference; fileEncoding = 4; lastKnownFileType = sourcecode.c.h; path = GDDramaAPI.h; sourceTree = "<group>"; };
		750813291EC99EB600901868 /* GDDramaAPI.m */ = {isa = PBXFileReference; fileEncoding = 4; lastKnownFileType = sourcecode.c.objc; path = GDDramaAPI.m; sourceTree = "<group>"; };
		7508132C1EC9B23300901868 /* GDDramaListController.h */ = {isa = PBXFileReference; fileEncoding = 4; lastKnownFileType = sourcecode.c.h; path = GDDramaListController.h; sourceTree = "<group>"; };
		7508132D1EC9B23300901868 /* GDDramaListController.m */ = {isa = PBXFileReference; fileEncoding = 4; lastKnownFileType = sourcecode.c.objc; path = GDDramaListController.m; sourceTree = "<group>"; };
		7508132F1EC9B24900901868 /* GDDramaInfoController.h */ = {isa = PBXFileReference; fileEncoding = 4; lastKnownFileType = sourcecode.c.h; path = GDDramaInfoController.h; sourceTree = "<group>"; };
		750813301EC9B24900901868 /* GDDramaInfoController.m */ = {isa = PBXFileReference; fileEncoding = 4; lastKnownFileType = sourcecode.c.objc; path = GDDramaInfoController.m; sourceTree = "<group>"; };
		750813321EC9B2B000901868 /* GDDramaRemarkController.h */ = {isa = PBXFileReference; fileEncoding = 4; lastKnownFileType = sourcecode.c.h; path = GDDramaRemarkController.h; sourceTree = "<group>"; };
		750813331EC9B2B000901868 /* GDDramaRemarkController.m */ = {isa = PBXFileReference; fileEncoding = 4; lastKnownFileType = sourcecode.c.objc; path = GDDramaRemarkController.m; sourceTree = "<group>"; };
		7591A6601EAF1E320078F436 /* GD_drama.app */ = {isa = PBXFileReference; explicitFileType = wrapper.application; includeInIndex = 0; path = GD_drama.app; sourceTree = BUILT_PRODUCTS_DIR; };
		7591A6641EAF1E320078F436 /* main.m */ = {isa = PBXFileReference; lastKnownFileType = sourcecode.c.objc; path = main.m; sourceTree = "<group>"; };
		7591A6661EAF1E320078F436 /* AppDelegate.h */ = {isa = PBXFileReference; lastKnownFileType = sourcecode.c.h; path = AppDelegate.h; sourceTree = "<group>"; };
		7591A6671EAF1E320078F436 /* AppDelegate.m */ = {isa = PBXFileReference; lastKnownFileType = sourcecode.c.objc; path = AppDelegate.m; sourceTree = "<group>"; };
		7591A66F1EAF1E320078F436 /* Assets.xcassets */ = {isa = PBXFileReference; lastKnownFileType = folder.assetcatalog; path = Assets.xcassets; sourceTree = "<group>"; };
		7591A6741EAF1E320078F436 /* Info.plist */ = {isa = PBXFileReference; lastKnownFileType = text.plist.xml; path = Info.plist; sourceTree = "<group>"; };
		7591A6791EAF1E320078F436 /* GD_dramaTests.xctest */ = {isa = PBXFileReference; explicitFileType = wrapper.cfbundle; includeInIndex = 0; path = GD_dramaTests.xctest; sourceTree = BUILT_PRODUCTS_DIR; };
		7591A67D1EAF1E320078F436 /* GD_dramaTests.m */ = {isa = PBXFileReference; lastKnownFileType = sourcecode.c.objc; path = GD_dramaTests.m; sourceTree = "<group>"; };
		7591A67F1EAF1E320078F436 /* Info.plist */ = {isa = PBXFileReference; lastKnownFileType = text.plist.xml; path = Info.plist; sourceTree = "<group>"; };
		7591A6841EAF1E320078F436 /* GD_dramaUITests.xctest */ = {isa = PBXFileReference; explicitFileType = wrapper.cfbundle; includeInIndex = 0; path = GD_dramaUITests.xctest; sourceTree = BUILT_PRODUCTS_DIR; };
		7591A6881EAF1E320078F436 /* GD_dramaUITests.m */ = {isa = PBXFileReference; lastKnownFileType = sourcecode.c.objc; path = GD_dramaUITests.m; sourceTree = "<group>"; };
		7591A68A1EAF1E320078F436 /* Info.plist */ = {isa = PBXFileReference; lastKnownFileType = text.plist.xml; path = Info.plist; sourceTree = "<group>"; };
		75D3F2C91EC8560B007CA5A9 /* GDTabBarController.h */ = {isa = PBXFileReference; fileEncoding = 4; lastKnownFileType = sourcecode.c.h; path = GDTabBarController.h; sourceTree = "<group>"; };
		75D3F2CA1EC8560B007CA5A9 /* GDTabBarController.m */ = {isa = PBXFileReference; fileEncoding = 4; lastKnownFileType = sourcecode.c.objc; path = GDTabBarController.m; sourceTree = "<group>"; };
		75D3F2CE1EC856A4007CA5A9 /* GDHomePageController.h */ = {isa = PBXFileReference; fileEncoding = 4; lastKnownFileType = sourcecode.c.h; path = GDHomePageController.h; sourceTree = "<group>"; };
		75D3F2CF1EC856A4007CA5A9 /* GDHomePageController.m */ = {isa = PBXFileReference; fileEncoding = 4; lastKnownFileType = sourcecode.c.objc; path = GDHomePageController.m; sourceTree = "<group>"; };
		75D3F2D11EC856C3007CA5A9 /* GDDownloadController.h */ = {isa = PBXFileReference; fileEncoding = 4; lastKnownFileType = sourcecode.c.h; path = GDDownloadController.h; sourceTree = "<group>"; };
		75D3F2D21EC856C3007CA5A9 /* GDDownloadController.m */ = {isa = PBXFileReference; fileEncoding = 4; lastKnownFileType = sourcecode.c.objc; path = GDDownloadController.m; sourceTree = "<group>"; };
		75D3F2D41EC856E5007CA5A9 /* GDMyFavoriteController.h */ = {isa = PBXFileReference; fileEncoding = 4; lastKnownFileType = sourcecode.c.h; path = GDMyFavoriteController.h; sourceTree = "<group>"; };
		75D3F2D51EC856E5007CA5A9 /* GDMyFavoriteController.m */ = {isa = PBXFileReference; fileEncoding = 4; lastKnownFileType = sourcecode.c.objc; path = GDMyFavoriteController.m; sourceTree = "<group>"; };
		75D3F2D71EC856F6007CA5A9 /* GDUserInfoController.h */ = {isa = PBXFileReference; fileEncoding = 4; lastKnownFileType = sourcecode.c.h; path = GDUserInfoController.h; sourceTree = "<group>"; };
		75D3F2D81EC856F6007CA5A9 /* GDUserInfoController.m */ = {isa = PBXFileReference; fileEncoding = 4; lastKnownFileType = sourcecode.c.objc; path = GDUserInfoController.m; sourceTree = "<group>"; };
		A49E15ADB14D8A7BBAA16A26 /* Pods-GD_drama.release.xcconfig */ = {isa = PBXFileReference; includeInIndex = 1; lastKnownFileType = text.xcconfig; name = "Pods-GD_drama.release.xcconfig"; path = "Pods/Target Support Files/Pods-GD_drama/Pods-GD_drama.release.xcconfig"; sourceTree = "<group>"; };
		C8085112DEA4D547AFE49F59 /* Pods-GD_drama.debug.xcconfig */ = {isa = PBXFileReference; includeInIndex = 1; lastKnownFileType = text.xcconfig; name = "Pods-GD_drama.debug.xcconfig"; path = "Pods/Target Support Files/Pods-GD_drama/Pods-GD_drama.debug.xcconfig"; sourceTree = "<group>"; };
		FC1649D549F363F7B481BABA /* Pods_GD_drama.framework */ = {isa = PBXFileReference; explicitFileType = wrapper.framework; includeInIndex = 0; path = Pods_GD_drama.framework; sourceTree = BUILT_PRODUCTS_DIR; };
/* End PBXFileReference section */

/* Begin PBXFrameworksBuildPhase section */
		7591A65D1EAF1E320078F436 /* Frameworks */ = {
			isa = PBXFrameworksBuildPhase;
			buildActionMask = 2147483647;
			files = (
				E7552D5F23B4517A83882D6A /* Pods_GD_drama.framework in Frameworks */,
			);
			runOnlyForDeploymentPostprocessing = 0;
		};
		7591A6761EAF1E320078F436 /* Frameworks */ = {
			isa = PBXFrameworksBuildPhase;
			buildActionMask = 2147483647;
			files = (
			);
			runOnlyForDeploymentPostprocessing = 0;
		};
		7591A6811EAF1E320078F436 /* Frameworks */ = {
			isa = PBXFrameworksBuildPhase;
			buildActionMask = 2147483647;
			files = (
			);
			runOnlyForDeploymentPostprocessing = 0;
		};
/* End PBXFrameworksBuildPhase section */

/* Begin PBXGroup section */
		0D77C980BF3BBEEF772ADD72 /* Pods */ = {
			isa = PBXGroup;
			children = (
				C8085112DEA4D547AFE49F59 /* Pods-GD_drama.debug.xcconfig */,
				A49E15ADB14D8A7BBAA16A26 /* Pods-GD_drama.release.xcconfig */,
			);
			name = Pods;
			sourceTree = "<group>";
		};
		50FCE571F3DEA2F1D83FFA44 /* Frameworks */ = {
			isa = PBXGroup;
			children = (
				FC1649D549F363F7B481BABA /* Pods_GD_drama.framework */,
			);
			name = Frameworks;
			sourceTree = "<group>";
		};
		750812E91EC85FD000901868 /* Utils */ = {
			isa = PBXGroup;
			children = (
				750813141EC86ACC00901868 /* Manager */,
				7508130F1EC867F200901868 /* APIs */,
				750812EA1EC85FD800901868 /* Category */,
			);
			name = Utils;
			sourceTree = "<group>";
		};
		750812EA1EC85FD800901868 /* Category */ = {
			isa = PBXGroup;
			children = (
				750812FE1EC8647A00901868 /* UIFont+GDTheme.h */,
				750812FF1EC8647A00901868 /* UIFont+GDTheme.m */,
				750812FB1EC8620B00901868 /* UIColor+GDTheme.h */,
				750812FC1EC8620B00901868 /* UIColor+GDTheme.m */,
				750812F41EC8618600901868 /* UIWindow+MainWindow.h */,
				750812F51EC8618600901868 /* UIWindow+MainWindow.m */,
				750812F11EC860D100901868 /* NSObject+GDOperation.h */,
				750812F21EC860D100901868 /* NSObject+GDOperation.m */,
				750812EB1EC8605400901868 /* MBProgressHUD+GDProgressHUD.h */,
				750812EC1EC8605400901868 /* MBProgressHUD+GDProgressHUD.m */,
				750812ED1EC8605400901868 /* NSObject+GDTypeCheck.h */,
				750812EE1EC8605400901868 /* NSObject+GDTypeCheck.m */,
			);
			name = Category;
			sourceTree = "<group>";
		};
		750812F71EC861A800901868 /* View */ = {
			isa = PBXGroup;
			children = (
				7508131D1EC8828C00901868 /* Animate */,
				7508131C1EC8828300901868 /* Search */,
				750813011EC8654B00901868 /* Cell */,
			);
			name = View;
			sourceTree = "<group>";
		};
		750813011EC8654B00901868 /* Cell */ = {
			isa = PBXGroup;
			children = (
				750813021EC8655F00901868 /* GDLeftTextFieldRightCustomButtonTableViewCell.h */,
				750813031EC8655F00901868 /* GDLeftTextFieldRightCustomButtonTableViewCell.m */,
				750813041EC8655F00901868 /* GDLeftTitleRightTextFieldTableViewCell.h */,
				750813051EC8655F00901868 /* GDLeftTitleRightTextFieldTableViewCell.m */,
				750813251EC9990000901868 /* GDImageAndTitleCollectionViewCell.h */,
				750813261EC9990000901868 /* GDImageAndTitleCollectionViewCell.m */,
			);
			name = Cell;
			sourceTree = "<group>";
		};
		750813081EC8663200901868 /* Login */ = {
			isa = PBXGroup;
			children = (
				750812E61EC85DD700901868 /* GDLoginController.h */,
				750812E71EC85DD700901868 /* GDLoginController.m */,
				750813091EC8664C00901868 /* GDRegisterController.h */,
				7508130A1EC8664C00901868 /* GDRegisterController.m */,
			);
			name = Login;
			sourceTree = "<group>";
		};
		7508130F1EC867F200901868 /* APIs */ = {
			isa = PBXGroup;
			children = (
				7508130C1EC867E200901868 /* GDUserAPI.h */,
				7508130D1EC867E200901868 /* GDUserAPI.m */,
				750813101EC8684300901868 /* GDHttpSessionManager.h */,
				750813111EC8684300901868 /* GDHttpSessionManager.m */,
				750813131EC868FB00901868 /* GDApiUrls.h */,
				750813281EC99EB600901868 /* GDDramaAPI.h */,
				750813291EC99EB600901868 /* GDDramaAPI.m */,
			);
			name = APIs;
			sourceTree = "<group>";
		};
		750813141EC86ACC00901868 /* Manager */ = {
			isa = PBXGroup;
			children = (
				750813151EC87C7700901868 /* GDUserManager.h */,
				750813161EC87C7700901868 /* GDUserManager.m */,
			);
			name = Manager;
			sourceTree = "<group>";
		};
		750813181EC87C7C00901868 /* Model */ = {
			isa = PBXGroup;
			children = (
				750813191EC87CD300901868 /* GDUser.h */,
				7508131A1EC87CD300901868 /* GDUser.m */,
			);
			name = Model;
			sourceTree = "<group>";
		};
		7508131C1EC8828300901868 /* Search */ = {
			isa = PBXGroup;
			children = (
				7508131E1EC882BE00901868 /* GDFakeSearchBarView.h */,
				7508131F1EC882BE00901868 /* GDFakeSearchBarView.m */,
			);
			name = Search;
			sourceTree = "<group>";
		};
		7508131D1EC8828C00901868 /* Animate */ = {
			isa = PBXGroup;
			children = (
				750812F81EC861B100901868 /* GDActivityIndicatorView.h */,
				750812F91EC861B100901868 /* GDActivityIndicatorView.m */,
			);
			name = Animate;
			sourceTree = "<group>";
		};
		750813211EC88F9F00901868 /* Search */ = {
			isa = PBXGroup;
			children = (
				750813221EC88FB300901868 /* GDSearchViewController.h */,
				750813231EC88FB300901868 /* GDSearchViewController.m */,
			);
			name = Search;
			sourceTree = "<group>";
		};
		7508132B1EC9B1DF00901868 /* Drama */ = {
			isa = PBXGroup;
			children = (
				7508132C1EC9B23300901868 /* GDDramaListController.h */,
				7508132D1EC9B23300901868 /* GDDramaListController.m */,
				7508132F1EC9B24900901868 /* GDDramaInfoController.h */,
				750813301EC9B24900901868 /* GDDramaInfoController.m */,
				750813321EC9B2B000901868 /* GDDramaRemarkController.h */,
				750813331EC9B2B000901868 /* GDDramaRemarkController.m */,
			);
			name = Drama;
			sourceTree = "<group>";
		};
		7591A6571EAF1E320078F436 = {
			isa = PBXGroup;
			children = (
				7591A6621EAF1E320078F436 /* GD_drama */,
				7591A67C1EAF1E320078F436 /* GD_dramaTests */,
				7591A6871EAF1E320078F436 /* GD_dramaUITests */,
				7591A6611EAF1E320078F436 /* Products */,
				0D77C980BF3BBEEF772ADD72 /* Pods */,
				50FCE571F3DEA2F1D83FFA44 /* Frameworks */,
			);
			sourceTree = "<group>";
		};
		7591A6611EAF1E320078F436 /* Products */ = {
			isa = PBXGroup;
			children = (
				7591A6601EAF1E320078F436 /* GD_drama.app */,
				7591A6791EAF1E320078F436 /* GD_dramaTests.xctest */,
				7591A6841EAF1E320078F436 /* GD_dramaUITests.xctest */,
			);
			name = Products;
			sourceTree = "<group>";
		};
		7591A6621EAF1E320078F436 /* GD_drama */ = {
			isa = PBXGroup;
			children = (
				750813181EC87C7C00901868 /* Model */,
				750812F71EC861A800901868 /* View */,
				750812E91EC85FD000901868 /* Utils */,
				75D3F2C51EC85575007CA5A9 /* Controller */,
				7591A6661EAF1E320078F436 /* AppDelegate.h */,
				7591A6671EAF1E320078F436 /* AppDelegate.m */,
				7591A66F1EAF1E320078F436 /* Assets.xcassets */,
				7591A6741EAF1E320078F436 /* Info.plist */,
				7591A6631EAF1E320078F436 /* Supporting Files */,
			);
			path = GD_drama;
			sourceTree = "<group>";
		};
		7591A6631EAF1E320078F436 /* Supporting Files */ = {
			isa = PBXGroup;
			children = (
				7591A6641EAF1E320078F436 /* main.m */,
			);
			name = "Supporting Files";
			sourceTree = "<group>";
		};
		7591A67C1EAF1E320078F436 /* GD_dramaTests */ = {
			isa = PBXGroup;
			children = (
				7591A67D1EAF1E320078F436 /* GD_dramaTests.m */,
				7591A67F1EAF1E320078F436 /* Info.plist */,
			);
			path = GD_dramaTests;
			sourceTree = "<group>";
		};
		7591A6871EAF1E320078F436 /* GD_dramaUITests */ = {
			isa = PBXGroup;
			children = (
				7591A6881EAF1E320078F436 /* GD_dramaUITests.m */,
				7591A68A1EAF1E320078F436 /* Info.plist */,
			);
			path = GD_dramaUITests;
			sourceTree = "<group>";
		};
		75D3F2C51EC85575007CA5A9 /* Controller */ = {
			isa = PBXGroup;
			children = (
				7508132B1EC9B1DF00901868 /* Drama */,
				750813211EC88F9F00901868 /* Search */,
				750813081EC8663200901868 /* Login */,
				75D3F2CD1EC85684007CA5A9 /* MainPage */,
				75D3F2CC1EC8566E007CA5A9 /* TabBar */,
			);
			name = Controller;
			sourceTree = "<group>";
		};
		75D3F2CC1EC8566E007CA5A9 /* TabBar */ = {
			isa = PBXGroup;
			children = (
				75D3F2C91EC8560B007CA5A9 /* GDTabBarController.h */,
				75D3F2CA1EC8560B007CA5A9 /* GDTabBarController.m */,
			);
			name = TabBar;
			sourceTree = "<group>";
		};
		75D3F2CD1EC85684007CA5A9 /* MainPage */ = {
			isa = PBXGroup;
			children = (
				75D3F2CE1EC856A4007CA5A9 /* GDHomePageController.h */,
				75D3F2CF1EC856A4007CA5A9 /* GDHomePageController.m */,
				75D3F2D11EC856C3007CA5A9 /* GDDownloadController.h */,
				75D3F2D21EC856C3007CA5A9 /* GDDownloadController.m */,
				75D3F2D41EC856E5007CA5A9 /* GDMyFavoriteController.h */,
				75D3F2D51EC856E5007CA5A9 /* GDMyFavoriteController.m */,
				75D3F2D71EC856F6007CA5A9 /* GDUserInfoController.h */,
				75D3F2D81EC856F6007CA5A9 /* GDUserInfoController.m */,
			);
			name = MainPage;
			sourceTree = "<group>";
		};
/* End PBXGroup section */

/* Begin PBXNativeTarget section */
		7591A65F1EAF1E320078F436 /* GD_drama */ = {
			isa = PBXNativeTarget;
			buildConfigurationList = 7591A68D1EAF1E320078F436 /* Build configuration list for PBXNativeTarget "GD_drama" */;
			buildPhases = (
				07FAB1470A73CF93BED6E66B /* [CP] Check Pods Manifest.lock */,
				7591A65C1EAF1E320078F436 /* Sources */,
				7591A65D1EAF1E320078F436 /* Frameworks */,
				7591A65E1EAF1E320078F436 /* Resources */,
				6732F01FB6B8A2077A93C035 /* [CP] Embed Pods Frameworks */,
				667A269F2E8D20991B97C738 /* [CP] Copy Pods Resources */,
			);
			buildRules = (
			);
			dependencies = (
			);
			name = GD_drama;
			productName = GD_drama;
			productReference = 7591A6601EAF1E320078F436 /* GD_drama.app */;
			productType = "com.apple.product-type.application";
		};
		7591A6781EAF1E320078F436 /* GD_dramaTests */ = {
			isa = PBXNativeTarget;
			buildConfigurationList = 7591A6901EAF1E320078F436 /* Build configuration list for PBXNativeTarget "GD_dramaTests" */;
			buildPhases = (
				7591A6751EAF1E320078F436 /* Sources */,
				7591A6761EAF1E320078F436 /* Frameworks */,
				7591A6771EAF1E320078F436 /* Resources */,
			);
			buildRules = (
			);
			dependencies = (
				7591A67B1EAF1E320078F436 /* PBXTargetDependency */,
			);
			name = GD_dramaTests;
			productName = GD_dramaTests;
			productReference = 7591A6791EAF1E320078F436 /* GD_dramaTests.xctest */;
			productType = "com.apple.product-type.bundle.unit-test";
		};
		7591A6831EAF1E320078F436 /* GD_dramaUITests */ = {
			isa = PBXNativeTarget;
			buildConfigurationList = 7591A6931EAF1E320078F436 /* Build configuration list for PBXNativeTarget "GD_dramaUITests" */;
			buildPhases = (
				7591A6801EAF1E320078F436 /* Sources */,
				7591A6811EAF1E320078F436 /* Frameworks */,
				7591A6821EAF1E320078F436 /* Resources */,
			);
			buildRules = (
			);
			dependencies = (
				7591A6861EAF1E320078F436 /* PBXTargetDependency */,
			);
			name = GD_dramaUITests;
			productName = GD_dramaUITests;
			productReference = 7591A6841EAF1E320078F436 /* GD_dramaUITests.xctest */;
			productType = "com.apple.product-type.bundle.ui-testing";
		};
/* End PBXNativeTarget section */

/* Begin PBXProject section */
		7591A6581EAF1E320078F436 /* Project object */ = {
			isa = PBXProject;
			attributes = {
				LastUpgradeCheck = 0830;
				ORGANIZATIONNAME = "罗向宇";
				TargetAttributes = {
					7591A65F1EAF1E320078F436 = {
						CreatedOnToolsVersion = 8.3.1;
						DevelopmentTeam = LE7UV7A4JD;
						ProvisioningStyle = Automatic;
					};
					7591A6781EAF1E320078F436 = {
						CreatedOnToolsVersion = 8.3.1;
						DevelopmentTeam = LE7UV7A4JD;
						ProvisioningStyle = Automatic;
						TestTargetID = 7591A65F1EAF1E320078F436;
					};
					7591A6831EAF1E320078F436 = {
						CreatedOnToolsVersion = 8.3.1;
						DevelopmentTeam = LE7UV7A4JD;
						ProvisioningStyle = Automatic;
						TestTargetID = 7591A65F1EAF1E320078F436;
					};
				};
			};
			buildConfigurationList = 7591A65B1EAF1E320078F436 /* Build configuration list for PBXProject "GD_drama" */;
			compatibilityVersion = "Xcode 3.2";
			developmentRegion = English;
			hasScannedForEncodings = 0;
			knownRegions = (
				en,
				Base,
			);
			mainGroup = 7591A6571EAF1E320078F436;
			productRefGroup = 7591A6611EAF1E320078F436 /* Products */;
			projectDirPath = "";
			projectRoot = "";
			targets = (
				7591A65F1EAF1E320078F436 /* GD_drama */,
				7591A6781EAF1E320078F436 /* GD_dramaTests */,
				7591A6831EAF1E320078F436 /* GD_dramaUITests */,
			);
		};
/* End PBXProject section */

/* Begin PBXResourcesBuildPhase section */
		7591A65E1EAF1E320078F436 /* Resources */ = {
			isa = PBXResourcesBuildPhase;
			buildActionMask = 2147483647;
			files = (
				7591A6701EAF1E320078F436 /* Assets.xcassets in Resources */,
			);
			runOnlyForDeploymentPostprocessing = 0;
		};
		7591A6771EAF1E320078F436 /* Resources */ = {
			isa = PBXResourcesBuildPhase;
			buildActionMask = 2147483647;
			files = (
			);
			runOnlyForDeploymentPostprocessing = 0;
		};
		7591A6821EAF1E320078F436 /* Resources */ = {
			isa = PBXResourcesBuildPhase;
			buildActionMask = 2147483647;
			files = (
			);
			runOnlyForDeploymentPostprocessing = 0;
		};
/* End PBXResourcesBuildPhase section */

/* Begin PBXShellScriptBuildPhase section */
		07FAB1470A73CF93BED6E66B /* [CP] Check Pods Manifest.lock */ = {
			isa = PBXShellScriptBuildPhase;
			buildActionMask = 2147483647;
			files = (
			);
			inputPaths = (
			);
			name = "[CP] Check Pods Manifest.lock";
			outputPaths = (
			);
			runOnlyForDeploymentPostprocessing = 0;
			shellPath = /bin/sh;
			shellScript = "diff \"${PODS_ROOT}/../Podfile.lock\" \"${PODS_ROOT}/Manifest.lock\" > /dev/null\nif [ $? != 0 ] ; then\n    # print error to STDERR\n    echo \"error: The sandbox is not in sync with the Podfile.lock. Run 'pod install' or update your CocoaPods installation.\" >&2\n    exit 1\nfi\n";
			showEnvVarsInLog = 0;
		};
		667A269F2E8D20991B97C738 /* [CP] Copy Pods Resources */ = {
			isa = PBXShellScriptBuildPhase;
			buildActionMask = 2147483647;
			files = (
			);
			inputPaths = (
			);
			name = "[CP] Copy Pods Resources";
			outputPaths = (
			);
			runOnlyForDeploymentPostprocessing = 0;
			shellPath = /bin/sh;
			shellScript = "\"${SRCROOT}/Pods/Target Support Files/Pods-GD_drama/Pods-GD_drama-resources.sh\"\n";
			showEnvVarsInLog = 0;
		};
		6732F01FB6B8A2077A93C035 /* [CP] Embed Pods Frameworks */ = {
			isa = PBXShellScriptBuildPhase;
			buildActionMask = 2147483647;
			files = (
			);
			inputPaths = (
			);
			name = "[CP] Embed Pods Frameworks";
			outputPaths = (
			);
			runOnlyForDeploymentPostprocessing = 0;
			shellPath = /bin/sh;
			shellScript = "\"${SRCROOT}/Pods/Target Support Files/Pods-GD_drama/Pods-GD_drama-frameworks.sh\"\n";
			showEnvVarsInLog = 0;
		};
/* End PBXShellScriptBuildPhase section */

/* Begin PBXSourcesBuildPhase section */
		7591A65C1EAF1E320078F436 /* Sources */ = {
			isa = PBXSourcesBuildPhase;
			buildActionMask = 2147483647;
			files = (
				750812F01EC8605400901868 /* NSObject+GDTypeCheck.m in Sources */,
				750813201EC882BE00901868 /* GDFakeSearchBarView.m in Sources */,
				750812FD1EC8620B00901868 /* UIColor+GDTheme.m in Sources */,
				75D3F2D31EC856C3007CA5A9 /* GDDownloadController.m in Sources */,
				750812F61EC8618600901868 /* UIWindow+MainWindow.m in Sources */,
				75D3F2CB1EC8560B007CA5A9 /* GDTabBarController.m in Sources */,
				750812EF1EC8605400901868 /* MBProgressHUD+GDProgressHUD.m in Sources */,
				750813071EC8655F00901868 /* GDLeftTitleRightTextFieldTableViewCell.m in Sources */,
				750812F31EC860D100901868 /* NSObject+GDOperation.m in Sources */,
				75D3F2D61EC856E5007CA5A9 /* GDMyFavoriteController.m in Sources */,
				750813171EC87C7700901868 /* GDUserManager.m in Sources */,
				75D3F2D91EC856F6007CA5A9 /* GDUserInfoController.m in Sources */,
				7591A6681EAF1E320078F436 /* AppDelegate.m in Sources */,
				750813121EC8684300901868 /* GDHttpSessionManager.m in Sources */,
				750813311EC9B24900901868 /* GDDramaInfoController.m in Sources */,
				750813061EC8655F00901868 /* GDLeftTextFieldRightCustomButtonTableViewCell.m in Sources */,
				750812FA1EC861B100901868 /* GDActivityIndicatorView.m in Sources */,
				7508131B1EC87CD300901868 /* GDUser.m in Sources */,
				750813271EC9990000901868 /* GDImageAndTitleCollectionViewCell.m in Sources */,
				7508130B1EC8664C00901868 /* GDRegisterController.m in Sources */,
				7508132A1EC99EB600901868 /* GDDramaAPI.m in Sources */,
				7508132E1EC9B23300901868 /* GDDramaListController.m in Sources */,
				75D3F2D01EC856A4007CA5A9 /* GDHomePageController.m in Sources */,
				750813341EC9B2B000901868 /* GDDramaRemarkController.m in Sources */,
				750813241EC88FB300901868 /* GDSearchViewController.m in Sources */,
				750812E81EC85DD700901868 /* GDLoginController.m in Sources */,
				7508130E1EC867E200901868 /* GDUserAPI.m in Sources */,
				7591A6651EAF1E320078F436 /* main.m in Sources */,
				750813001EC8647A00901868 /* UIFont+GDTheme.m in Sources */,
			);
			runOnlyForDeploymentPostprocessing = 0;
		};
		7591A6751EAF1E320078F436 /* Sources */ = {
			isa = PBXSourcesBuildPhase;
			buildActionMask = 2147483647;
			files = (
				7591A67E1EAF1E320078F436 /* GD_dramaTests.m in Sources */,
			);
			runOnlyForDeploymentPostprocessing = 0;
		};
		7591A6801EAF1E320078F436 /* Sources */ = {
			isa = PBXSourcesBuildPhase;
			buildActionMask = 2147483647;
			files = (
				7591A6891EAF1E320078F436 /* GD_dramaUITests.m in Sources */,
			);
			runOnlyForDeploymentPostprocessing = 0;
		};
/* End PBXSourcesBuildPhase section */

/* Begin PBXTargetDependency section */
		7591A67B1EAF1E320078F436 /* PBXTargetDependency */ = {
			isa = PBXTargetDependency;
			target = 7591A65F1EAF1E320078F436 /* GD_drama */;
			targetProxy = 7591A67A1EAF1E320078F436 /* PBXContainerItemProxy */;
		};
		7591A6861EAF1E320078F436 /* PBXTargetDependency */ = {
			isa = PBXTargetDependency;
			target = 7591A65F1EAF1E320078F436 /* GD_drama */;
			targetProxy = 7591A6851EAF1E320078F436 /* PBXContainerItemProxy */;
		};
/* End PBXTargetDependency section */

/* Begin XCBuildConfiguration section */
		7591A68B1EAF1E320078F436 /* Debug */ = {
			isa = XCBuildConfiguration;
			buildSettings = {
				ALWAYS_SEARCH_USER_PATHS = NO;
				CLANG_ANALYZER_NONNULL = YES;
				CLANG_ANALYZER_NUMBER_OBJECT_CONVERSION = YES_AGGRESSIVE;
				CLANG_CXX_LANGUAGE_STANDARD = "gnu++0x";
				CLANG_CXX_LIBRARY = "libc++";
				CLANG_ENABLE_MODULES = YES;
				CLANG_ENABLE_OBJC_ARC = YES;
				CLANG_WARN_BOOL_CONVERSION = YES;
				CLANG_WARN_CONSTANT_CONVERSION = YES;
				CLANG_WARN_DIRECT_OBJC_ISA_USAGE = YES_ERROR;
				CLANG_WARN_DOCUMENTATION_COMMENTS = YES;
				CLANG_WARN_EMPTY_BODY = YES;
				CLANG_WARN_ENUM_CONVERSION = YES;
				CLANG_WARN_INFINITE_RECURSION = YES;
				CLANG_WARN_INT_CONVERSION = YES;
				CLANG_WARN_OBJC_ROOT_CLASS = YES_ERROR;
				CLANG_WARN_SUSPICIOUS_MOVE = YES;
				CLANG_WARN_UNREACHABLE_CODE = YES;
				CLANG_WARN__DUPLICATE_METHOD_MATCH = YES;
				"CODE_SIGN_IDENTITY[sdk=iphoneos*]" = "iPhone Developer";
				COPY_PHASE_STRIP = NO;
				DEBUG_INFORMATION_FORMAT = dwarf;
				ENABLE_STRICT_OBJC_MSGSEND = YES;
				ENABLE_TESTABILITY = YES;
				GCC_C_LANGUAGE_STANDARD = gnu99;
				GCC_DYNAMIC_NO_PIC = NO;
				GCC_NO_COMMON_BLOCKS = YES;
				GCC_OPTIMIZATION_LEVEL = 0;
				GCC_PREPROCESSOR_DEFINITIONS = (
					"DEBUG=1",
					"$(inherited)",
				);
				GCC_WARN_64_TO_32_BIT_CONVERSION = YES;
				GCC_WARN_ABOUT_RETURN_TYPE = YES_ERROR;
				GCC_WARN_UNDECLARED_SELECTOR = YES;
				GCC_WARN_UNINITIALIZED_AUTOS = YES_AGGRESSIVE;
				GCC_WARN_UNUSED_FUNCTION = YES;
				GCC_WARN_UNUSED_VARIABLE = YES;
				IPHONEOS_DEPLOYMENT_TARGET = 10.3;
				MTL_ENABLE_DEBUG_INFO = YES;
				ONLY_ACTIVE_ARCH = YES;
				SDKROOT = iphoneos;
			};
			name = Debug;
		};
		7591A68C1EAF1E320078F436 /* Release */ = {
			isa = XCBuildConfiguration;
			buildSettings = {
				ALWAYS_SEARCH_USER_PATHS = NO;
				CLANG_ANALYZER_NONNULL = YES;
				CLANG_ANALYZER_NUMBER_OBJECT_CONVERSION = YES_AGGRESSIVE;
				CLANG_CXX_LANGUAGE_STANDARD = "gnu++0x";
				CLANG_CXX_LIBRARY = "libc++";
				CLANG_ENABLE_MODULES = YES;
				CLANG_ENABLE_OBJC_ARC = YES;
				CLANG_WARN_BOOL_CONVERSION = YES;
				CLANG_WARN_CONSTANT_CONVERSION = YES;
				CLANG_WARN_DIRECT_OBJC_ISA_USAGE = YES_ERROR;
				CLANG_WARN_DOCUMENTATION_COMMENTS = YES;
				CLANG_WARN_EMPTY_BODY = YES;
				CLANG_WARN_ENUM_CONVERSION = YES;
				CLANG_WARN_INFINITE_RECURSION = YES;
				CLANG_WARN_INT_CONVERSION = YES;
				CLANG_WARN_OBJC_ROOT_CLASS = YES_ERROR;
				CLANG_WARN_SUSPICIOUS_MOVE = YES;
				CLANG_WARN_UNREACHABLE_CODE = YES;
				CLANG_WARN__DUPLICATE_METHOD_MATCH = YES;
				"CODE_SIGN_IDENTITY[sdk=iphoneos*]" = "iPhone Developer";
				COPY_PHASE_STRIP = NO;
				DEBUG_INFORMATION_FORMAT = "dwarf-with-dsym";
				ENABLE_NS_ASSERTIONS = NO;
				ENABLE_STRICT_OBJC_MSGSEND = YES;
				GCC_C_LANGUAGE_STANDARD = gnu99;
				GCC_NO_COMMON_BLOCKS = YES;
				GCC_WARN_64_TO_32_BIT_CONVERSION = YES;
				GCC_WARN_ABOUT_RETURN_TYPE = YES_ERROR;
				GCC_WARN_UNDECLARED_SELECTOR = YES;
				GCC_WARN_UNINITIALIZED_AUTOS = YES_AGGRESSIVE;
				GCC_WARN_UNUSED_FUNCTION = YES;
				GCC_WARN_UNUSED_VARIABLE = YES;
				IPHONEOS_DEPLOYMENT_TARGET = 10.3;
				MTL_ENABLE_DEBUG_INFO = NO;
				SDKROOT = iphoneos;
				VALIDATE_PRODUCT = YES;
			};
			name = Release;
		};
		7591A68E1EAF1E320078F436 /* Debug */ = {
			isa = XCBuildConfiguration;
			baseConfigurationReference = C8085112DEA4D547AFE49F59 /* Pods-GD_drama.debug.xcconfig */;
			buildSettings = {
				ASSETCATALOG_COMPILER_APPICON_NAME = AppIcon;
				DEVELOPMENT_TEAM = LE7UV7A4JD;
				INFOPLIST_FILE = GD_drama/Info.plist;
				LD_RUNPATH_SEARCH_PATHS = "$(inherited) @executable_path/Frameworks";
				PRODUCT_BUNDLE_IDENTIFIER = "cn.edu.tongji.GD-drama";
				PRODUCT_NAME = "$(TARGET_NAME)";
			};
			name = Debug;
		};
		7591A68F1EAF1E320078F436 /* Release */ = {
			isa = XCBuildConfiguration;
			baseConfigurationReference = A49E15ADB14D8A7BBAA16A26 /* Pods-GD_drama.release.xcconfig */;
			buildSettings = {
				ASSETCATALOG_COMPILER_APPICON_NAME = AppIcon;
				DEVELOPMENT_TEAM = LE7UV7A4JD;
				INFOPLIST_FILE = GD_drama/Info.plist;
				LD_RUNPATH_SEARCH_PATHS = "$(inherited) @executable_path/Frameworks";
				PRODUCT_BUNDLE_IDENTIFIER = "cn.edu.tongji.GD-drama";
				PRODUCT_NAME = "$(TARGET_NAME)";
			};
			name = Release;
		};
		7591A6911EAF1E320078F436 /* Debug */ = {
			isa = XCBuildConfiguration;
			buildSettings = {
				BUNDLE_LOADER = "$(TEST_HOST)";
				DEVELOPMENT_TEAM = LE7UV7A4JD;
				INFOPLIST_FILE = GD_dramaTests/Info.plist;
				LD_RUNPATH_SEARCH_PATHS = "$(inherited) @executable_path/Frameworks @loader_path/Frameworks";
				PRODUCT_BUNDLE_IDENTIFIER = "cn.edu.tongji.GD-dramaTests";
				PRODUCT_NAME = "$(TARGET_NAME)";
				TEST_HOST = "$(BUILT_PRODUCTS_DIR)/GD_drama.app/GD_drama";
			};
			name = Debug;
		};
		7591A6921EAF1E320078F436 /* Release */ = {
			isa = XCBuildConfiguration;
			buildSettings = {
				BUNDLE_LOADER = "$(TEST_HOST)";
				DEVELOPMENT_TEAM = LE7UV7A4JD;
				INFOPLIST_FILE = GD_dramaTests/Info.plist;
				LD_RUNPATH_SEARCH_PATHS = "$(inherited) @executable_path/Frameworks @loader_path/Frameworks";
				PRODUCT_BUNDLE_IDENTIFIER = "cn.edu.tongji.GD-dramaTests";
				PRODUCT_NAME = "$(TARGET_NAME)";
				TEST_HOST = "$(BUILT_PRODUCTS_DIR)/GD_drama.app/GD_drama";
			};
			name = Release;
		};
		7591A6941EAF1E320078F436 /* Debug */ = {
			isa = XCBuildConfiguration;
			buildSettings = {
				DEVELOPMENT_TEAM = LE7UV7A4JD;
				INFOPLIST_FILE = GD_dramaUITests/Info.plist;
				LD_RUNPATH_SEARCH_PATHS = "$(inherited) @executable_path/Frameworks @loader_path/Frameworks";
				PRODUCT_BUNDLE_IDENTIFIER = "cn.edu.tongji.GD-dramaUITests";
				PRODUCT_NAME = "$(TARGET_NAME)";
				TEST_TARGET_NAME = GD_drama;
			};
			name = Debug;
		};
		7591A6951EAF1E320078F436 /* Release */ = {
			isa = XCBuildConfiguration;
			buildSettings = {
				DEVELOPMENT_TEAM = LE7UV7A4JD;
				INFOPLIST_FILE = GD_dramaUITests/Info.plist;
				LD_RUNPATH_SEARCH_PATHS = "$(inherited) @executable_path/Frameworks @loader_path/Frameworks";
				PRODUCT_BUNDLE_IDENTIFIER = "cn.edu.tongji.GD-dramaUITests";
				PRODUCT_NAME = "$(TARGET_NAME)";
				TEST_TARGET_NAME = GD_drama;
			};
			name = Release;
		};
/* End XCBuildConfiguration section */

/* Begin XCConfigurationList section */
		7591A65B1EAF1E320078F436 /* Build configuration list for PBXProject "GD_drama" */ = {
			isa = XCConfigurationList;
			buildConfigurations = (
				7591A68B1EAF1E320078F436 /* Debug */,
				7591A68C1EAF1E320078F436 /* Release */,
			);
			defaultConfigurationIsVisible = 0;
			defaultConfigurationName = Release;
		};
		7591A68D1EAF1E320078F436 /* Build configuration list for PBXNativeTarget "GD_drama" */ = {
			isa = XCConfigurationList;
			buildConfigurations = (
				7591A68E1EAF1E320078F436 /* Debug */,
				7591A68F1EAF1E320078F436 /* Release */,
			);
			defaultConfigurationIsVisible = 0;
			defaultConfigurationName = Release;
		};
		7591A6901EAF1E320078F436 /* Build configuration list for PBXNativeTarget "GD_dramaTests" */ = {
			isa = XCConfigurationList;
			buildConfigurations = (
				7591A6911EAF1E320078F436 /* Debug */,
				7591A6921EAF1E320078F436 /* Release */,
			);
			defaultConfigurationIsVisible = 0;
			defaultConfigurationName = Release;
		};
		7591A6931EAF1E320078F436 /* Build configuration list for PBXNativeTarget "GD_dramaUITests" */ = {
			isa = XCConfigurationList;
			buildConfigurations = (
				7591A6941EAF1E320078F436 /* Debug */,
				7591A6951EAF1E320078F436 /* Release */,
			);
			defaultConfigurationIsVisible = 0;
			defaultConfigurationName = Release;
		};
/* End XCConfigurationList section */
	};
	rootObject = 7591A6581EAF1E320078F436 /* Project object */;
}
