PODS:
  - AFNetworking (3.1.0):
    - AFNetworking/NSURLSession (= 3.1.0)
    - AFNetworking/Reachability (= 3.1.0)
    - AFNetworking/Security (= 3.1.0)
    - AFNetworking/Serialization (= 3.1.0)
    - AFNetworking/UIKit (= 3.1.0)
  - AFNetworking/NSURLSession (3.1.0):
    - AFNetworking/Reachability
    - AFNetworking/Security
    - AFNetworking/Serialization
  - AFNetworking/Reachability (3.1.0)
  - AFNetworking/Security (3.1.0)
  - AFNetworking/Serialization (3.1.0)
  - AFNetworking/UIKit (3.1.0):
    - AFNetworking/NSURLSession
  - HCSStarRatingView (1.5)
  - Masonry (1.0.2)
  - MBProgressHUD (0.9.1)
  - SDWebImage (4.0.0):
    - SDWebImage/Core (= 4.0.0)
  - SDWebImage/Core (4.0.0)
  - UCZProgressView (1.0.2)

DEPENDENCIES:
  - AFNetworking
  - HCSStarRatingView
  - Masonry
  - MBProgressHUD (from `https://github.com/iException/MBProgressHUD.git`)
  - SDWebImage
  - UCZProgressView

EXTERNAL SOURCES:
  MBProgressHUD:
    :git: https://github.com/iException/MBProgressHUD.git

CHECKOUT OPTIONS:
  MBProgressHUD:
    :commit: 6fa9cdd6d7b8d4a20865cfc442d66ed13a76bf47
    :git: https://github.com/iException/MBProgressHUD.git

SPEC CHECKSUMS:
  AFNetworking: 5e0e199f73d8626b11e79750991f5d173d1f8b67
  HCSStarRatingView: 1d18f79654735514cd6f00e6d90e38cb6320dc31
  Masonry: 7c429b56da9d4ee0bbb3ed77a5ea710d6a5df39e
  MBProgressHUD: c34da5f231d7c38b8bc9d2cb08f81509d0bea7b0
  SDWebImage: 76a6348bdc74eb5a55dd08a091ef298e56b55e41
  UCZProgressView: 55836987c15ee6efb7cd6dfe297556602ee46c94

PODFILE CHECKSUM: 444398f642affd19faea4324eddc02535c47f72e

COCOAPODS: 1.2.0
